// !$*UTF8*$!
{
	archiveVersion = 1;
	classes = {
	};
	objectVersion = 56;
	objects = {

/* Begin PBXBuildFile section */
		FA5671CD28F8133A00A6B18F /* ContentView.swift in Sources */ = {isa = PBXBuildFile; fileRef = FA5671CC28F8133A00A6B18F /* ContentView.swift */; };
		FA5671CF28F8171400A6B18F /* MyCostsApp.swift in Sources */ = {isa = PBXBuildFile; fileRef = FA5671CE28F8171400A6B18F /* MyCostsApp.swift */; };
		FA5671D328F8209400A6B18F /* AddView.swift in Sources */ = {isa = PBXBuildFile; fileRef = FA5671D228F8209400A6B18F /* AddView.swift */; };
		FA5671D528F98DED00A6B18F /* TestView.swift in Sources */ = {isa = PBXBuildFile; fileRef = FA5671D428F98DED00A6B18F /* TestView.swift */; };
		FA5671D828F99F7700A6B18F /* SwiftUIView.swift in Sources */ = {isa = PBXBuildFile; fileRef = FA5671D728F99F7700A6B18F /* SwiftUIView.swift */; };
		FA9C5E5E28FD8B9C001B9BDE /* DocumentationExample.swift in Sources */ = {isa = PBXBuildFile; fileRef = FA9C5E5D28FD8B9C001B9BDE /* DocumentationExample.swift */; };
		FA9C5E6028FD9FCE001B9BDE /* OnAppearTest.swift in Sources */ = {isa = PBXBuildFile; fileRef = FA9C5E5F28FD9FCE001B9BDE /* OnAppearTest.swift */; };
		FA9C5E6228FDA2EE001B9BDE /* ModelTest.swift in Sources */ = {isa = PBXBuildFile; fileRef = FA9C5E6128FDA2EE001B9BDE /* ModelTest.swift */; };
		FA9C5E6628FDA8B0001B9BDE /* ViewModel.swift in Sources */ = {isa = PBXBuildFile; fileRef = FA9C5E6528FDA8B0001B9BDE /* ViewModel.swift */; };
		FA9D37B428F30B9400FA73D6 /* PickerStepperView.swift in Sources */ = {isa = PBXBuildFile; fileRef = FA9D37B328F30B9400FA73D6 /* PickerStepperView.swift */; };
		FA9EA0C828F9B3BB00279458 /* ContextMenuTest.swift in Sources */ = {isa = PBXBuildFile; fileRef = FA9EA0C728F9B3BB00279458 /* ContextMenuTest.swift */; };
		FA9EA0CB28F9BB2600279458 /* ColorsUsage.swift in Sources */ = {isa = PBXBuildFile; fileRef = FA9EA0CA28F9BB2600279458 /* ColorsUsage.swift */; };
		FA9EA0CE28F9C57900279458 /* ContentTestView.swift in Sources */ = {isa = PBXBuildFile; fileRef = FA9EA0CD28F9C57900279458 /* ContentTestView.swift */; };
		FA9EA0D228FB015500279458 /* ScrollViewTest.swift in Sources */ = {isa = PBXBuildFile; fileRef = FA9EA0D128FB015500279458 /* ScrollViewTest.swift */; };
		FA9EA0D528FB038100279458 /* LazyGrids.swift in Sources */ = {isa = PBXBuildFile; fileRef = FA9EA0D428FB038100279458 /* LazyGrids.swift */; };
		FA9EA0D728FB13AA00279458 /* CustomButton.swift in Sources */ = {isa = PBXBuildFile; fileRef = FA9EA0D628FB13AA00279458 /* CustomButton.swift */; };
		FA9EA0D928FB1CC000279458 /* BindingWrapper.swift in Sources */ = {isa = PBXBuildFile; fileRef = FA9EA0D828FB1CC000279458 /* BindingWrapper.swift */; };
		FA9EA0DB28FC1C4900279458 /* AnimationTransition.swift in Sources */ = {isa = PBXBuildFile; fileRef = FA9EA0DA28FC1C4900279458 /* AnimationTransition.swift */; };
		FA9EA0DD28FC212300279458 /* PopoverWindow.swift in Sources */ = {isa = PBXBuildFile; fileRef = FA9EA0DC28FC212300279458 /* PopoverWindow.swift */; };
		FA9EA0E028FC2E4300279458 /* ActionSheetInthePost.swift in Sources */ = {isa = PBXBuildFile; fileRef = FA9EA0DF28FC2E4300279458 /* ActionSheetInthePost.swift */; };
		FA9EA0E228FC431D00279458 /* TextEditorTest.swift in Sources */ = {isa = PBXBuildFile; fileRef = FA9EA0E128FC431D00279458 /* TextEditorTest.swift */; };
		FA9EA0E428FC489C00279458 /* ColorPickerTest.swift in Sources */ = {isa = PBXBuildFile; fileRef = FA9EA0E328FC489C00279458 /* ColorPickerTest.swift */; };
		FA9EA0E628FD7BEC00279458 /* DatePickerTest.swift in Sources */ = {isa = PBXBuildFile; fileRef = FA9EA0E528FD7BEC00279458 /* DatePickerTest.swift */; };
		FA9EA0E828FD84FC00279458 /* DarkMode.swift in Sources */ = {isa = PBXBuildFile; fileRef = FA9EA0E728FD84FC00279458 /* DarkMode.swift */; };
		FAB8B1FC28F2C5E800D0839B /* SwiftUI_LearningApp.swift in Sources */ = {isa = PBXBuildFile; fileRef = FAB8B1FB28F2C5E800D0839B /* SwiftUI_LearningApp.swift */; };
		FAB8B1FE28F2C5E800D0839B /* StacksView.swift in Sources */ = {isa = PBXBuildFile; fileRef = FAB8B1FD28F2C5E800D0839B /* StacksView.swift */; };
		FAB8B20028F2C5EA00D0839B /* Assets.xcassets in Resources */ = {isa = PBXBuildFile; fileRef = FAB8B1FF28F2C5EA00D0839B /* Assets.xcassets */; };
		FAB8B20328F2C5EA00D0839B /* Preview Assets.xcassets in Resources */ = {isa = PBXBuildFile; fileRef = FAB8B20228F2C5EA00D0839B /* Preview Assets.xcassets */; };
		FAB8B20E28F2D68800D0839B /* TextView.swift in Sources */ = {isa = PBXBuildFile; fileRef = FAB8B20D28F2D68800D0839B /* TextView.swift */; };
		FAB8B21028F2DC8400D0839B /* ImagesGradientsView.swift in Sources */ = {isa = PBXBuildFile; fileRef = FAB8B20F28F2DC8400D0839B /* ImagesGradientsView.swift */; };
		FAB8B21228F2E82400D0839B /* ToggleSliderButtonView.swift in Sources */ = {isa = PBXBuildFile; fileRef = FAB8B21128F2E82400D0839B /* ToggleSliderButtonView.swift */; };
		FACB3CA528F4780000D84139 /* GestureView.swift in Sources */ = {isa = PBXBuildFile; fileRef = FACB3CA428F4780000D84139 /* GestureView.swift */; };
		FACB3CA728F47DC500D84139 /* ListView.swift in Sources */ = {isa = PBXBuildFile; fileRef = FACB3CA628F47DC500D84139 /* ListView.swift */; };
		FACB3CA928F482C800D84139 /* DynamicListView.swift in Sources */ = {isa = PBXBuildFile; fileRef = FACB3CA828F482C800D84139 /* DynamicListView.swift */; };
		FACB3CAB28F483B800D84139 /* ListWithSections.swift in Sources */ = {isa = PBXBuildFile; fileRef = FACB3CAA28F483B800D84139 /* ListWithSections.swift */; };
		FACB3CAD28F485AB00D84139 /* TestNavigationView.swift in Sources */ = {isa = PBXBuildFile; fileRef = FACB3CAC28F485AB00D84139 /* TestNavigationView.swift */; };
		FACB3CAF28F5CD8300D84139 /* TestTabView.swift in Sources */ = {isa = PBXBuildFile; fileRef = FACB3CAE28F5CD8300D84139 /* TestTabView.swift */; };
		FACB3CB128F5D25200D84139 /* TestFormView.swift in Sources */ = {isa = PBXBuildFile; fileRef = FACB3CB028F5D25200D84139 /* TestFormView.swift */; };
		FACB3CB328F5D92F00D84139 /* TipsCalculatorView.swift in Sources */ = {isa = PBXBuildFile; fileRef = FACB3CB228F5D92F00D84139 /* TipsCalculatorView.swift */; };
		FACB3CB528F6C57400D84139 /* Alerts.swift in Sources */ = {isa = PBXBuildFile; fileRef = FACB3CB428F6C57400D84139 /* Alerts.swift */; };
		FACB3CB728F6CD8000D84139 /* FlagQuizGame.swift in Sources */ = {isa = PBXBuildFile; fileRef = FACB3CB628F6CD8000D84139 /* FlagQuizGame.swift */; };
		FACB3CB928F6DC5E00D84139 /* TestModifiers.swift in Sources */ = {isa = PBXBuildFile; fileRef = FACB3CB828F6DC5E00D84139 /* TestModifiers.swift */; };
		FACB3CBB28F6F2F900D84139 /* ObservedPublishedEnvironmentObjects.swift in Sources */ = {isa = PBXBuildFile; fileRef = FACB3CBA28F6F2F900D84139 /* ObservedPublishedEnvironmentObjects.swift */; };
		FACB3CBE28F6F59800D84139 /* UserSettings.swift in Sources */ = {isa = PBXBuildFile; fileRef = FACB3CBD28F6F59800D84139 /* UserSettings.swift */; };
		FACB3CCA28F710A600D84139 /* NavigationLinkTest.swift in Sources */ = {isa = PBXBuildFile; fileRef = FACB3CC928F710A600D84139 /* NavigationLinkTest.swift */; };
		FACB3CCC28F710E300D84139 /* NavigationSheet.swift in Sources */ = {isa = PBXBuildFile; fileRef = FACB3CCB28F710E300D84139 /* NavigationSheet.swift */; };
/* End PBXBuildFile section */

/* Begin PBXFileReference section */
		FA5671CC28F8133A00A6B18F /* ContentView.swift */ = {isa = PBXFileReference; lastKnownFileType = sourcecode.swift; path = ContentView.swift; sourceTree = "<group>"; };
		FA5671CE28F8171400A6B18F /* MyCostsApp.swift */ = {isa = PBXFileReference; lastKnownFileType = sourcecode.swift; path = MyCostsApp.swift; sourceTree = "<group>"; };
		FA5671D228F8209400A6B18F /* AddView.swift */ = {isa = PBXFileReference; lastKnownFileType = sourcecode.swift; path = AddView.swift; sourceTree = "<group>"; };
		FA5671D428F98DED00A6B18F /* TestView.swift */ = {isa = PBXFileReference; lastKnownFileType = sourcecode.swift; path = TestView.swift; sourceTree = "<group>"; };
		FA5671D728F99F7700A6B18F /* SwiftUIView.swift */ = {isa = PBXFileReference; lastKnownFileType = sourcecode.swift; path = SwiftUIView.swift; sourceTree = "<group>"; };
		FA9C5E5D28FD8B9C001B9BDE /* DocumentationExample.swift */ = {isa = PBXFileReference; lastKnownFileType = sourcecode.swift; path = DocumentationExample.swift; sourceTree = "<group>"; };
		FA9C5E5F28FD9FCE001B9BDE /* OnAppearTest.swift */ = {isa = PBXFileReference; lastKnownFileType = sourcecode.swift; path = OnAppearTest.swift; sourceTree = "<group>"; };
		FA9C5E6128FDA2EE001B9BDE /* ModelTest.swift */ = {isa = PBXFileReference; lastKnownFileType = sourcecode.swift; path = ModelTest.swift; sourceTree = "<group>"; };
		FA9C5E6528FDA8B0001B9BDE /* ViewModel.swift */ = {isa = PBXFileReference; lastKnownFileType = sourcecode.swift; path = ViewModel.swift; sourceTree = "<group>"; };
		FA9D37B328F30B9400FA73D6 /* PickerStepperView.swift */ = {isa = PBXFileReference; lastKnownFileType = sourcecode.swift; path = PickerStepperView.swift; sourceTree = "<group>"; };
		FA9EA0C728F9B3BB00279458 /* ContextMenuTest.swift */ = {isa = PBXFileReference; lastKnownFileType = sourcecode.swift; path = ContextMenuTest.swift; sourceTree = "<group>"; };
		FA9EA0CA28F9BB2600279458 /* ColorsUsage.swift */ = {isa = PBXFileReference; lastKnownFileType = sourcecode.swift; path = ColorsUsage.swift; sourceTree = "<group>"; };
		FA9EA0CD28F9C57900279458 /* ContentTestView.swift */ = {isa = PBXFileReference; lastKnownFileType = sourcecode.swift; path = ContentTestView.swift; sourceTree = "<group>"; };
		FA9EA0D128FB015500279458 /* ScrollViewTest.swift */ = {isa = PBXFileReference; lastKnownFileType = sourcecode.swift; path = ScrollViewTest.swift; sourceTree = "<group>"; };
		FA9EA0D428FB038100279458 /* LazyGrids.swift */ = {isa = PBXFileReference; lastKnownFileType = sourcecode.swift; path = LazyGrids.swift; sourceTree = "<group>"; };
		FA9EA0D628FB13AA00279458 /* CustomButton.swift */ = {isa = PBXFileReference; lastKnownFileType = sourcecode.swift; path = CustomButton.swift; sourceTree = "<group>"; };
		FA9EA0D828FB1CC000279458 /* BindingWrapper.swift */ = {isa = PBXFileReference; lastKnownFileType = sourcecode.swift; path = BindingWrapper.swift; sourceTree = "<group>"; };
		FA9EA0DA28FC1C4900279458 /* AnimationTransition.swift */ = {isa = PBXFileReference; lastKnownFileType = sourcecode.swift; path = AnimationTransition.swift; sourceTree = "<group>"; };
		FA9EA0DC28FC212300279458 /* PopoverWindow.swift */ = {isa = PBXFileReference; lastKnownFileType = sourcecode.swift; path = PopoverWindow.swift; sourceTree = "<group>"; };
		FA9EA0DF28FC2E4300279458 /* ActionSheetInthePost.swift */ = {isa = PBXFileReference; lastKnownFileType = sourcecode.swift; path = ActionSheetInthePost.swift; sourceTree = "<group>"; };
		FA9EA0E128FC431D00279458 /* TextEditorTest.swift */ = {isa = PBXFileReference; lastKnownFileType = sourcecode.swift; path = TextEditorTest.swift; sourceTree = "<group>"; };
		FA9EA0E328FC489C00279458 /* ColorPickerTest.swift */ = {isa = PBXFileReference; lastKnownFileType = sourcecode.swift; path = ColorPickerTest.swift; sourceTree = "<group>"; };
		FA9EA0E528FD7BEC00279458 /* DatePickerTest.swift */ = {isa = PBXFileReference; lastKnownFileType = sourcecode.swift; path = DatePickerTest.swift; sourceTree = "<group>"; };
		FA9EA0E728FD84FC00279458 /* DarkMode.swift */ = {isa = PBXFileReference; lastKnownFileType = sourcecode.swift; path = DarkMode.swift; sourceTree = "<group>"; };
		FAB8B1F828F2C5E800D0839B /* SwiftUI_Learning.app */ = {isa = PBXFileReference; explicitFileType = wrapper.application; includeInIndex = 0; path = SwiftUI_Learning.app; sourceTree = BUILT_PRODUCTS_DIR; };
		FAB8B1FB28F2C5E800D0839B /* SwiftUI_LearningApp.swift */ = {isa = PBXFileReference; lastKnownFileType = sourcecode.swift; path = SwiftUI_LearningApp.swift; sourceTree = "<group>"; };
		FAB8B1FD28F2C5E800D0839B /* StacksView.swift */ = {isa = PBXFileReference; lastKnownFileType = sourcecode.swift; path = StacksView.swift; sourceTree = "<group>"; };
		FAB8B1FF28F2C5EA00D0839B /* Assets.xcassets */ = {isa = PBXFileReference; lastKnownFileType = folder.assetcatalog; path = Assets.xcassets; sourceTree = "<group>"; };
		FAB8B20228F2C5EA00D0839B /* Preview Assets.xcassets */ = {isa = PBXFileReference; lastKnownFileType = folder.assetcatalog; path = "Preview Assets.xcassets"; sourceTree = "<group>"; };
		FAB8B20D28F2D68800D0839B /* TextView.swift */ = {isa = PBXFileReference; lastKnownFileType = sourcecode.swift; path = TextView.swift; sourceTree = "<group>"; };
		FAB8B20F28F2DC8400D0839B /* ImagesGradientsView.swift */ = {isa = PBXFileReference; lastKnownFileType = sourcecode.swift; path = ImagesGradientsView.swift; sourceTree = "<group>"; };
		FAB8B21128F2E82400D0839B /* ToggleSliderButtonView.swift */ = {isa = PBXFileReference; lastKnownFileType = sourcecode.swift; path = ToggleSliderButtonView.swift; sourceTree = "<group>"; };
		FACB3CA428F4780000D84139 /* GestureView.swift */ = {isa = PBXFileReference; lastKnownFileType = sourcecode.swift; path = GestureView.swift; sourceTree = "<group>"; };
		FACB3CA628F47DC500D84139 /* ListView.swift */ = {isa = PBXFileReference; lastKnownFileType = sourcecode.swift; path = ListView.swift; sourceTree = "<group>"; };
		FACB3CA828F482C800D84139 /* DynamicListView.swift */ = {isa = PBXFileReference; lastKnownFileType = sourcecode.swift; path = DynamicListView.swift; sourceTree = "<group>"; };
		FACB3CAA28F483B800D84139 /* ListWithSections.swift */ = {isa = PBXFileReference; lastKnownFileType = sourcecode.swift; path = ListWithSections.swift; sourceTree = "<group>"; };
		FACB3CAC28F485AB00D84139 /* TestNavigationView.swift */ = {isa = PBXFileReference; lastKnownFileType = sourcecode.swift; path = TestNavigationView.swift; sourceTree = "<group>"; };
		FACB3CAE28F5CD8300D84139 /* TestTabView.swift */ = {isa = PBXFileReference; lastKnownFileType = sourcecode.swift; path = TestTabView.swift; sourceTree = "<group>"; };
		FACB3CB028F5D25200D84139 /* TestFormView.swift */ = {isa = PBXFileReference; lastKnownFileType = sourcecode.swift; path = TestFormView.swift; sourceTree = "<group>"; };
		FACB3CB228F5D92F00D84139 /* TipsCalculatorView.swift */ = {isa = PBXFileReference; lastKnownFileType = sourcecode.swift; path = TipsCalculatorView.swift; sourceTree = "<group>"; };
		FACB3CB428F6C57400D84139 /* Alerts.swift */ = {isa = PBXFileReference; lastKnownFileType = sourcecode.swift; path = Alerts.swift; sourceTree = "<group>"; };
		FACB3CB628F6CD8000D84139 /* FlagQuizGame.swift */ = {isa = PBXFileReference; lastKnownFileType = sourcecode.swift; path = FlagQuizGame.swift; sourceTree = "<group>"; };
		FACB3CB828F6DC5E00D84139 /* TestModifiers.swift */ = {isa = PBXFileReference; lastKnownFileType = sourcecode.swift; path = TestModifiers.swift; sourceTree = "<group>"; };
		FACB3CBA28F6F2F900D84139 /* ObservedPublishedEnvironmentObjects.swift */ = {isa = PBXFileReference; lastKnownFileType = sourcecode.swift; path = ObservedPublishedEnvironmentObjects.swift; sourceTree = "<group>"; };
		FACB3CBD28F6F59800D84139 /* UserSettings.swift */ = {isa = PBXFileReference; lastKnownFileType = sourcecode.swift; path = UserSettings.swift; sourceTree = "<group>"; };
		FACB3CC928F710A600D84139 /* NavigationLinkTest.swift */ = {isa = PBXFileReference; lastKnownFileType = sourcecode.swift; path = NavigationLinkTest.swift; sourceTree = "<group>"; };
		FACB3CCB28F710E300D84139 /* NavigationSheet.swift */ = {isa = PBXFileReference; lastKnownFileType = sourcecode.swift; path = NavigationSheet.swift; sourceTree = "<group>"; };
/* End PBXFileReference section */

/* Begin PBXFrameworksBuildPhase section */
		FAB8B1F528F2C5E800D0839B /* Frameworks */ = {
			isa = PBXFrameworksBuildPhase;
			buildActionMask = 2147483647;
			files = (
			);
			runOnlyForDeploymentPostprocessing = 0;
		};
/* End PBXFrameworksBuildPhase section */

/* Begin PBXGroup section */
		FA5671CB28F8132300A6B18F /* UserDefaults */ = {
			isa = PBXGroup;
			children = (
				FA5671CC28F8133A00A6B18F /* ContentView.swift */,
			);
			path = UserDefaults;
			sourceTree = "<group>";
		};
		FA5671D028F8171B00A6B18F /* FlagQuizGame */ = {
			isa = PBXGroup;
			children = (
				FACB3CB628F6CD8000D84139 /* FlagQuizGame.swift */,
			);
			path = FlagQuizGame;
			sourceTree = "<group>";
		};
		FA5671D128F8172A00A6B18F /* MyCostsApp */ = {
			isa = PBXGroup;
			children = (
				FA5671CE28F8171400A6B18F /* MyCostsApp.swift */,
				FA5671D228F8209400A6B18F /* AddView.swift */,
			);
			path = MyCostsApp;
			sourceTree = "<group>";
		};
		FA5671D628F99E3B00A6B18F /* Animation */ = {
			isa = PBXGroup;
			children = (
				FA5671D728F99F7700A6B18F /* SwiftUIView.swift */,
				FA9EA0DA28FC1C4900279458 /* AnimationTransition.swift */,
			);
			path = Animation;
			sourceTree = "<group>";
		};
		FA9C5E6328FDA867001B9BDE /* FirstExample */ = {
			isa = PBXGroup;
			children = (
				FACB3CBD28F6F59800D84139 /* UserSettings.swift */,
				FACB3CBA28F6F2F900D84139 /* ObservedPublishedEnvironmentObjects.swift */,
			);
			path = FirstExample;
			sourceTree = "<group>";
		};
		FA9C5E6428FDA87E001B9BDE /* SecondExample */ = {
			isa = PBXGroup;
			children = (
				FA9C5E6528FDA8B0001B9BDE /* ViewModel.swift */,
			);
			path = SecondExample;
			sourceTree = "<group>";
		};
		FA9EA0C928F9BB1700279458 /* ColorsUsage */ = {
			isa = PBXGroup;
			children = (
				FA9EA0CA28F9BB2600279458 /* ColorsUsage.swift */,
			);
			path = ColorsUsage;
			sourceTree = "<group>";
		};
		FA9EA0CC28F9C55B00279458 /* Inits and Enums */ = {
			isa = PBXGroup;
			children = (
				FA9EA0CD28F9C57900279458 /* ContentTestView.swift */,
			);
			path = "Inits and Enums";
			sourceTree = "<group>";
		};
		FA9EA0D328FB02E600279458 /* Grids */ = {
			isa = PBXGroup;
			children = (
				FA9EA0D428FB038100279458 /* LazyGrids.swift */,
			);
			path = Grids;
			sourceTree = "<group>";
		};
		FA9EA0DE28FC2E1F00279458 /* ActionSheet Alerts */ = {
			isa = PBXGroup;
			children = (
				FACB3CB428F6C57400D84139 /* Alerts.swift */,
				FA9EA0DF28FC2E4300279458 /* ActionSheetInthePost.swift */,
			);
			path = "ActionSheet Alerts";
			sourceTree = "<group>";
		};
		FAB8B1EF28F2C5E800D0839B = {
			isa = PBXGroup;
			children = (
				FAB8B1FA28F2C5E800D0839B /* SwiftUI_Learning */,
				FAB8B1F928F2C5E800D0839B /* Products */,
			);
			sourceTree = "<group>";
		};
		FAB8B1F928F2C5E800D0839B /* Products */ = {
			isa = PBXGroup;
			children = (
				FAB8B1F828F2C5E800D0839B /* SwiftUI_Learning.app */,
			);
			name = Products;
			sourceTree = "<group>";
		};
		FAB8B1FA28F2C5E800D0839B /* SwiftUI_Learning */ = {
			isa = PBXGroup;
			children = (
				FACB3CC428F6F84600D84139 /* Application */,
				FACB3CBF28F6F7E300D84139 /* UIElements */,
				FA5671D628F99E3B00A6B18F /* Animation */,
				FA9EA0CC28F9C55B00279458 /* Inits and Enums */,
				FACB3CC028F6F80900D84139 /* PracticalTasks */,
				FA9EA0E728FD84FC00279458 /* DarkMode.swift */,
				FA9C5E5D28FD8B9C001B9BDE /* DocumentationExample.swift */,
				FA9EA0C928F9BB1700279458 /* ColorsUsage */,
				FACB3CBC28F6F56A00D84139 /* Observed Published Objects */,
				FA5671CB28F8132300A6B18F /* UserDefaults */,
				FA9EA0D828FB1CC000279458 /* BindingWrapper.swift */,
				FA9C5E5F28FD9FCE001B9BDE /* OnAppearTest.swift */,
				FA9C5E6128FDA2EE001B9BDE /* ModelTest.swift */,
				FACB3CC128F6F82B00D84139 /* Navigation */,
				FAB8B1FF28F2C5EA00D0839B /* Assets.xcassets */,
				FAB8B20128F2C5EA00D0839B /* Preview Content */,
			);
			path = SwiftUI_Learning;
			sourceTree = "<group>";
		};
		FAB8B20128F2C5EA00D0839B /* Preview Content */ = {
			isa = PBXGroup;
			children = (
				FAB8B20228F2C5EA00D0839B /* Preview Assets.xcassets */,
			);
			path = "Preview Content";
			sourceTree = "<group>";
		};
		FACB3CBC28F6F56A00D84139 /* Observed Published Objects */ = {
			isa = PBXGroup;
			children = (
				FA9C5E6428FDA87E001B9BDE /* SecondExample */,
				FA9C5E6328FDA867001B9BDE /* FirstExample */,
			);
			path = "Observed Published Objects";
			sourceTree = "<group>";
		};
		FACB3CBF28F6F7E300D84139 /* UIElements */ = {
			isa = PBXGroup;
			children = (
				FA9EA0D328FB02E600279458 /* Grids */,
				FACB3CAE28F5CD8300D84139 /* TestTabView.swift */,
				FA9EA0DE28FC2E1F00279458 /* ActionSheet Alerts */,
				FA5671D428F98DED00A6B18F /* TestView.swift */,
				FACB3CA628F47DC500D84139 /* ListView.swift */,
				FA9EA0D628FB13AA00279458 /* CustomButton.swift */,
				FA9EA0E528FD7BEC00279458 /* DatePickerTest.swift */,
				FACB3CB028F5D25200D84139 /* TestFormView.swift */,
				FACB3CB228F5D92F00D84139 /* TipsCalculatorView.swift */,
				FACB3CA828F482C800D84139 /* DynamicListView.swift */,
				FAB8B20D28F2D68800D0839B /* TextView.swift */,
				FA9EA0E128FC431D00279458 /* TextEditorTest.swift */,
				FA9EA0E328FC489C00279458 /* ColorPickerTest.swift */,
				FA9EA0DC28FC212300279458 /* PopoverWindow.swift */,
				FACB3CAA28F483B800D84139 /* ListWithSections.swift */,
				FACB3CAC28F485AB00D84139 /* TestNavigationView.swift */,
				FAB8B1FD28F2C5E800D0839B /* StacksView.swift */,
				FA9EA0D128FB015500279458 /* ScrollViewTest.swift */,
				FACB3CB828F6DC5E00D84139 /* TestModifiers.swift */,
				FAB8B20F28F2DC8400D0839B /* ImagesGradientsView.swift */,
				FAB8B21128F2E82400D0839B /* ToggleSliderButtonView.swift */,
				FACB3CA428F4780000D84139 /* GestureView.swift */,
				FA9D37B328F30B9400FA73D6 /* PickerStepperView.swift */,
				FA9EA0C728F9B3BB00279458 /* ContextMenuTest.swift */,
			);
			path = UIElements;
			sourceTree = "<group>";
		};
		FACB3CC028F6F80900D84139 /* PracticalTasks */ = {
			isa = PBXGroup;
			children = (
				FA5671D128F8172A00A6B18F /* MyCostsApp */,
				FA5671D028F8171B00A6B18F /* FlagQuizGame */,
			);
			path = PracticalTasks;
			sourceTree = "<group>";
		};
		FACB3CC128F6F82B00D84139 /* Navigation */ = {
			isa = PBXGroup;
			children = (
				FACB3CC928F710A600D84139 /* NavigationLinkTest.swift */,
				FACB3CCB28F710E300D84139 /* NavigationSheet.swift */,
			);
			path = Navigation;
			sourceTree = "<group>";
		};
		FACB3CC428F6F84600D84139 /* Application */ = {
			isa = PBXGroup;
			children = (
				FAB8B1FB28F2C5E800D0839B /* SwiftUI_LearningApp.swift */,
			);
			path = Application;
			sourceTree = "<group>";
		};
/* End PBXGroup section */

/* Begin PBXNativeTarget section */
		FAB8B1F728F2C5E800D0839B /* SwiftUI_Learning */ = {
			isa = PBXNativeTarget;
			buildConfigurationList = FAB8B20628F2C5EA00D0839B /* Build configuration list for PBXNativeTarget "SwiftUI_Learning" */;
			buildPhases = (
				FAB8B1F428F2C5E800D0839B /* Sources */,
				FAB8B1F528F2C5E800D0839B /* Frameworks */,
				FAB8B1F628F2C5E800D0839B /* Resources */,
			);
			buildRules = (
			);
			dependencies = (
			);
			name = SwiftUI_Learning;
			productName = SwiftUI_Learning;
			productReference = FAB8B1F828F2C5E800D0839B /* SwiftUI_Learning.app */;
			productType = "com.apple.product-type.application";
		};
/* End PBXNativeTarget section */

/* Begin PBXProject section */
		FAB8B1F028F2C5E800D0839B /* Project object */ = {
			isa = PBXProject;
			attributes = {
				BuildIndependentTargetsInParallel = 1;
				LastSwiftUpdateCheck = 1400;
				LastUpgradeCheck = 1400;
				TargetAttributes = {
					FAB8B1F728F2C5E800D0839B = {
						CreatedOnToolsVersion = 14.0.1;
					};
				};
			};
			buildConfigurationList = FAB8B1F328F2C5E800D0839B /* Build configuration list for PBXProject "SwiftUI_Learning" */;
			compatibilityVersion = "Xcode 14.0";
			developmentRegion = en;
			hasScannedForEncodings = 0;
			knownRegions = (
				en,
				Base,
			);
			mainGroup = FAB8B1EF28F2C5E800D0839B;
			productRefGroup = FAB8B1F928F2C5E800D0839B /* Products */;
			projectDirPath = "";
			projectRoot = "";
			targets = (
				FAB8B1F728F2C5E800D0839B /* SwiftUI_Learning */,
			);
		};
/* End PBXProject section */

/* Begin PBXResourcesBuildPhase section */
		FAB8B1F628F2C5E800D0839B /* Resources */ = {
			isa = PBXResourcesBuildPhase;
			buildActionMask = 2147483647;
			files = (
				FAB8B20328F2C5EA00D0839B /* Preview Assets.xcassets in Resources */,
				FAB8B20028F2C5EA00D0839B /* Assets.xcassets in Resources */,
			);
			runOnlyForDeploymentPostprocessing = 0;
		};
/* End PBXResourcesBuildPhase section */

/* Begin PBXSourcesBuildPhase section */
		FAB8B1F428F2C5E800D0839B /* Sources */ = {
			isa = PBXSourcesBuildPhase;
			buildActionMask = 2147483647;
			files = (
				FA9EA0C828F9B3BB00279458 /* ContextMenuTest.swift in Sources */,
				FA5671D828F99F7700A6B18F /* SwiftUIView.swift in Sources */,
				FA9EA0D528FB038100279458 /* LazyGrids.swift in Sources */,
				FA9EA0CE28F9C57900279458 /* ContentTestView.swift in Sources */,
				FA9EA0D728FB13AA00279458 /* CustomButton.swift in Sources */,
				FACB3CA728F47DC500D84139 /* ListView.swift in Sources */,
				FA5671D528F98DED00A6B18F /* TestView.swift in Sources */,
				FACB3CB528F6C57400D84139 /* Alerts.swift in Sources */,
				FACB3CB928F6DC5E00D84139 /* TestModifiers.swift in Sources */,
				FAB8B1FE28F2C5E800D0839B /* StacksView.swift in Sources */,
				FA5671CF28F8171400A6B18F /* MyCostsApp.swift in Sources */,
				FACB3CAD28F485AB00D84139 /* TestNavigationView.swift in Sources */,
				FA9D37B428F30B9400FA73D6 /* PickerStepperView.swift in Sources */,
				FA9C5E5E28FD8B9C001B9BDE /* DocumentationExample.swift in Sources */,
				FA9C5E6628FDA8B0001B9BDE /* ViewModel.swift in Sources */,
				FA9EA0E428FC489C00279458 /* ColorPickerTest.swift in Sources */,
				FA9EA0DB28FC1C4900279458 /* AnimationTransition.swift in Sources */,
				FA9EA0E028FC2E4300279458 /* ActionSheetInthePost.swift in Sources */,
				FA9EA0E828FD84FC00279458 /* DarkMode.swift in Sources */,
				FA9C5E6228FDA2EE001B9BDE /* ModelTest.swift in Sources */,
				FACB3CB328F5D92F00D84139 /* TipsCalculatorView.swift in Sources */,
				FA9C5E6028FD9FCE001B9BDE /* OnAppearTest.swift in Sources */,
				FACB3CCC28F710E300D84139 /* NavigationSheet.swift in Sources */,
				FAB8B1FC28F2C5E800D0839B /* SwiftUI_LearningApp.swift in Sources */,
				FACB3CA528F4780000D84139 /* GestureView.swift in Sources */,
				FAB8B21228F2E82400D0839B /* ToggleSliderButtonView.swift in Sources */,
				FA9EA0E628FD7BEC00279458 /* DatePickerTest.swift in Sources */,
				FAB8B20E28F2D68800D0839B /* TextView.swift in Sources */,
				FA5671CD28F8133A00A6B18F /* ContentView.swift in Sources */,
				FA9EA0E228FC431D00279458 /* TextEditorTest.swift in Sources */,
				FA9EA0D928FB1CC000279458 /* BindingWrapper.swift in Sources */,
				FACB3CB728F6CD8000D84139 /* FlagQuizGame.swift in Sources */,
				FACB3CAB28F483B800D84139 /* ListWithSections.swift in Sources */,
				FA9EA0CB28F9BB2600279458 /* ColorsUsage.swift in Sources */,
				FACB3CBB28F6F2F900D84139 /* ObservedPublishedEnvironmentObjects.swift in Sources */,
				FAB8B21028F2DC8400D0839B /* ImagesGradientsView.swift in Sources */,
				FA9EA0DD28FC212300279458 /* PopoverWindow.swift in Sources */,
				FA9EA0D228FB015500279458 /* ScrollViewTest.swift in Sources */,
				FACB3CAF28F5CD8300D84139 /* TestTabView.swift in Sources */,
				FACB3CA928F482C800D84139 /* DynamicListView.swift in Sources */,
				FA5671D328F8209400A6B18F /* AddView.swift in Sources */,
				FACB3CBE28F6F59800D84139 /* UserSettings.swift in Sources */,
				FACB3CCA28F710A600D84139 /* NavigationLinkTest.swift in Sources */,
				FACB3CB128F5D25200D84139 /* TestFormView.swift in Sources */,
			);
			runOnlyForDeploymentPostprocessing = 0;
		};
/* End PBXSourcesBuildPhase section */

/* Begin XCBuildConfiguration section */
		FAB8B20428F2C5EA00D0839B /* Debug */ = {
			isa = XCBuildConfiguration;
			buildSettings = {
				ALWAYS_SEARCH_USER_PATHS = NO;
				CLANG_ANALYZER_NONNULL = YES;
				CLANG_ANALYZER_NUMBER_OBJECT_CONVERSION = YES_AGGRESSIVE;
				CLANG_CXX_LANGUAGE_STANDARD = "gnu++20";
				CLANG_ENABLE_MODULES = YES;
				CLANG_ENABLE_OBJC_ARC = YES;
				CLANG_ENABLE_OBJC_WEAK = YES;
				CLANG_WARN_BLOCK_CAPTURE_AUTORELEASING = YES;
				CLANG_WARN_BOOL_CONVERSION = YES;
				CLANG_WARN_COMMA = YES;
				CLANG_WARN_CONSTANT_CONVERSION = YES;
				CLANG_WARN_DEPRECATED_OBJC_IMPLEMENTATIONS = YES;
				CLANG_WARN_DIRECT_OBJC_ISA_USAGE = YES_ERROR;
				CLANG_WARN_DOCUMENTATION_COMMENTS = YES;
				CLANG_WARN_EMPTY_BODY = YES;
				CLANG_WARN_ENUM_CONVERSION = YES;
				CLANG_WARN_INFINITE_RECURSION = YES;
				CLANG_WARN_INT_CONVERSION = YES;
				CLANG_WARN_NON_LITERAL_NULL_CONVERSION = YES;
				CLANG_WARN_OBJC_IMPLICIT_RETAIN_SELF = YES;
				CLANG_WARN_OBJC_LITERAL_CONVERSION = YES;
				CLANG_WARN_OBJC_ROOT_CLASS = YES_ERROR;
				CLANG_WARN_QUOTED_INCLUDE_IN_FRAMEWORK_HEADER = YES;
				CLANG_WARN_RANGE_LOOP_ANALYSIS = YES;
				CLANG_WARN_STRICT_PROTOTYPES = YES;
				CLANG_WARN_SUSPICIOUS_MOVE = YES;
				CLANG_WARN_UNGUARDED_AVAILABILITY = YES_AGGRESSIVE;
				CLANG_WARN_UNREACHABLE_CODE = YES;
				CLANG_WARN__DUPLICATE_METHOD_MATCH = YES;
				COPY_PHASE_STRIP = NO;
				DEBUG_INFORMATION_FORMAT = dwarf;
				ENABLE_STRICT_OBJC_MSGSEND = YES;
				ENABLE_TESTABILITY = YES;
				GCC_C_LANGUAGE_STANDARD = gnu11;
				GCC_DYNAMIC_NO_PIC = NO;
				GCC_NO_COMMON_BLOCKS = YES;
				GCC_OPTIMIZATION_LEVEL = 0;
				GCC_PREPROCESSOR_DEFINITIONS = (
					"DEBUG=1",
					"$(inherited)",
				);
				GCC_WARN_64_TO_32_BIT_CONVERSION = YES;
				GCC_WARN_ABOUT_RETURN_TYPE = YES_ERROR;
				GCC_WARN_UNDECLARED_SELECTOR = YES;
				GCC_WARN_UNINITIALIZED_AUTOS = YES_AGGRESSIVE;
				GCC_WARN_UNUSED_FUNCTION = YES;
				GCC_WARN_UNUSED_VARIABLE = YES;
				IPHONEOS_DEPLOYMENT_TARGET = 16.0;
				MTL_ENABLE_DEBUG_INFO = INCLUDE_SOURCE;
				MTL_FAST_MATH = YES;
				ONLY_ACTIVE_ARCH = YES;
				SDKROOT = iphoneos;
				SWIFT_ACTIVE_COMPILATION_CONDITIONS = DEBUG;
				SWIFT_OPTIMIZATION_LEVEL = "-Onone";
			};
			name = Debug;
		};
		FAB8B20528F2C5EA00D0839B /* Release */ = {
			isa = XCBuildConfiguration;
			buildSettings = {
				ALWAYS_SEARCH_USER_PATHS = NO;
				CLANG_ANALYZER_NONNULL = YES;
				CLANG_ANALYZER_NUMBER_OBJECT_CONVERSION = YES_AGGRESSIVE;
				CLANG_CXX_LANGUAGE_STANDARD = "gnu++20";
				CLANG_ENABLE_MODULES = YES;
				CLANG_ENABLE_OBJC_ARC = YES;
				CLANG_ENABLE_OBJC_WEAK = YES;
				CLANG_WARN_BLOCK_CAPTURE_AUTORELEASING = YES;
				CLANG_WARN_BOOL_CONVERSION = YES;
				CLANG_WARN_COMMA = YES;
				CLANG_WARN_CONSTANT_CONVERSION = YES;
				CLANG_WARN_DEPRECATED_OBJC_IMPLEMENTATIONS = YES;
				CLANG_WARN_DIRECT_OBJC_ISA_USAGE = YES_ERROR;
				CLANG_WARN_DOCUMENTATION_COMMENTS = YES;
				CLANG_WARN_EMPTY_BODY = YES;
				CLANG_WARN_ENUM_CONVERSION = YES;
				CLANG_WARN_INFINITE_RECURSION = YES;
				CLANG_WARN_INT_CONVERSION = YES;
				CLANG_WARN_NON_LITERAL_NULL_CONVERSION = YES;
				CLANG_WARN_OBJC_IMPLICIT_RETAIN_SELF = YES;
				CLANG_WARN_OBJC_LITERAL_CONVERSION = YES;
				CLANG_WARN_OBJC_ROOT_CLASS = YES_ERROR;
				CLANG_WARN_QUOTED_INCLUDE_IN_FRAMEWORK_HEADER = YES;
				CLANG_WARN_RANGE_LOOP_ANALYSIS = YES;
				CLANG_WARN_STRICT_PROTOTYPES = YES;
				CLANG_WARN_SUSPICIOUS_MOVE = YES;
				CLANG_WARN_UNGUARDED_AVAILABILITY = YES_AGGRESSIVE;
				CLANG_WARN_UNREACHABLE_CODE = YES;
				CLANG_WARN__DUPLICATE_METHOD_MATCH = YES;
				COPY_PHASE_STRIP = NO;
				DEBUG_INFORMATION_FORMAT = "dwarf-with-dsym";
				ENABLE_NS_ASSERTIONS = NO;
				ENABLE_STRICT_OBJC_MSGSEND = YES;
				GCC_C_LANGUAGE_STANDARD = gnu11;
				GCC_NO_COMMON_BLOCKS = YES;
				GCC_WARN_64_TO_32_BIT_CONVERSION = YES;
				GCC_WARN_ABOUT_RETURN_TYPE = YES_ERROR;
				GCC_WARN_UNDECLARED_SELECTOR = YES;
				GCC_WARN_UNINITIALIZED_AUTOS = YES_AGGRESSIVE;
				GCC_WARN_UNUSED_FUNCTION = YES;
				GCC_WARN_UNUSED_VARIABLE = YES;
				IPHONEOS_DEPLOYMENT_TARGET = 16.0;
				MTL_ENABLE_DEBUG_INFO = NO;
				MTL_FAST_MATH = YES;
				SDKROOT = iphoneos;
				SWIFT_COMPILATION_MODE = wholemodule;
				SWIFT_OPTIMIZATION_LEVEL = "-O";
				VALIDATE_PRODUCT = YES;
			};
			name = Release;
		};
		FAB8B20728F2C5EA00D0839B /* Debug */ = {
			isa = XCBuildConfiguration;
			buildSettings = {
				ASSETCATALOG_COMPILER_APPICON_NAME = AppIcon;
				ASSETCATALOG_COMPILER_GLOBAL_ACCENT_COLOR_NAME = AccentColor;
				CODE_SIGN_IDENTITY = "Apple Development";
				CODE_SIGN_STYLE = Automatic;
				CURRENT_PROJECT_VERSION = 1;
				DEVELOPMENT_ASSET_PATHS = "\"SwiftUI_Learning/Preview Content\"";
				DEVELOPMENT_TEAM = A55B4JSB5L;
				ENABLE_PREVIEWS = YES;
				GENERATE_INFOPLIST_FILE = YES;
				INFOPLIST_KEY_UIApplicationSceneManifest_Generation = YES;
				INFOPLIST_KEY_UIApplicationSupportsIndirectInputEvents = YES;
				INFOPLIST_KEY_UILaunchScreen_Generation = YES;
				INFOPLIST_KEY_UISupportedInterfaceOrientations_iPad = "UIInterfaceOrientationPortrait UIInterfaceOrientationPortraitUpsideDown UIInterfaceOrientationLandscapeLeft UIInterfaceOrientationLandscapeRight";
				INFOPLIST_KEY_UISupportedInterfaceOrientations_iPhone = "UIInterfaceOrientationPortrait UIInterfaceOrientationLandscapeLeft UIInterfaceOrientationLandscapeRight";
				LD_RUNPATH_SEARCH_PATHS = (
					"$(inherited)",
					"@executable_path/Frameworks",
				);
				MARKETING_VERSION = 1.0;
				PRODUCT_BUNDLE_IDENTIFIER = "Oksana-Poliakova.SwiftUI-Learning";
				PRODUCT_NAME = "$(TARGET_NAME)";
				PROVISIONING_PROFILE_SPECIFIER = "";
				SWIFT_EMIT_LOC_STRINGS = YES;
				SWIFT_VERSION = 5.0;
				TARGETED_DEVICE_FAMILY = "1,2";
			};
			name = Debug;
		};
		FAB8B20828F2C5EA00D0839B /* Release */ = {
			isa = XCBuildConfiguration;
			buildSettings = {
				ASSETCATALOG_COMPILER_APPICON_NAME = AppIcon;
				ASSETCATALOG_COMPILER_GLOBAL_ACCENT_COLOR_NAME = AccentColor;
				CODE_SIGN_IDENTITY = "Apple Development";
				CODE_SIGN_STYLE = Automatic;
				CURRENT_PROJECT_VERSION = 1;
				DEVELOPMENT_ASSET_PATHS = "\"SwiftUI_Learning/Preview Content\"";
				DEVELOPMENT_TEAM = A55B4JSB5L;
				ENABLE_PREVIEWS = YES;
				GENERATE_INFOPLIST_FILE = YES;
				INFOPLIST_KEY_UIApplicationSceneManifest_Generation = YES;
				INFOPLIST_KEY_UIApplicationSupportsIndirectInputEvents = YES;
				INFOPLIST_KEY_UILaunchScreen_Generation = YES;
				INFOPLIST_KEY_UISupportedInterfaceOrientations_iPad = "UIInterfaceOrientationPortrait UIInterfaceOrientationPortraitUpsideDown UIInterfaceOrientationLandscapeLeft UIInterfaceOrientationLandscapeRight";
				INFOPLIST_KEY_UISupportedInterfaceOrientations_iPhone = "UIInterfaceOrientationPortrait UIInterfaceOrientationLandscapeLeft UIInterfaceOrientationLandscapeRight";
				LD_RUNPATH_SEARCH_PATHS = (
					"$(inherited)",
					"@executable_path/Frameworks",
				);
				MARKETING_VERSION = 1.0;
				PRODUCT_BUNDLE_IDENTIFIER = "Oksana-Poliakova.SwiftUI-Learning";
				PRODUCT_NAME = "$(TARGET_NAME)";
				PROVISIONING_PROFILE_SPECIFIER = "";
				SWIFT_EMIT_LOC_STRINGS = YES;
				SWIFT_VERSION = 5.0;
				TARGETED_DEVICE_FAMILY = "1,2";
			};
			name = Release;
		};
/* End XCBuildConfiguration section */

/* Begin XCConfigurationList section */
		FAB8B1F328F2C5E800D0839B /* Build configuration list for PBXProject "SwiftUI_Learning" */ = {
			isa = XCConfigurationList;
			buildConfigurations = (
				FAB8B20428F2C5EA00D0839B /* Debug */,
				FAB8B20528F2C5EA00D0839B /* Release */,
			);
			defaultConfigurationIsVisible = 0;
			defaultConfigurationName = Release;
		};
		FAB8B20628F2C5EA00D0839B /* Build configuration list for PBXNativeTarget "SwiftUI_Learning" */ = {
			isa = XCConfigurationList;
			buildConfigurations = (
				FAB8B20728F2C5EA00D0839B /* Debug */,
				FAB8B20828F2C5EA00D0839B /* Release */,
			);
			defaultConfigurationIsVisible = 0;
			defaultConfigurationName = Release;
		};
/* End XCConfigurationList section */
	};
	rootObject = FAB8B1F028F2C5E800D0839B /* Project object */;
}
